# This file was autogenerated by uv via the following command:
#    uv pip compile pyproject.toml --extra dev --extra gcp --extra aws --python-version 3.11 -o requirements.lock
aiohappyeyeballs==2.6.2
    # via aiohttp
aiohttp==3.14.0
    # via litellm
aiosignal==1.4.0
    # via aiohttp
annotated-doc==0.0.4
    # via
    #   fastapi
    #   typer
annotated-types==0.7.0
    # via pydantic
anyio==4.13.0
    # via
    #   httpx
    #   openai
    #   starlette
attrs==26.1.0
    # via
    #   aiohttp
    #   jsonschema
    #   referencing
backoff==2.2.1
    # via
    #   langfuse
    #   posthog
boto3==1.43.23
    # via agent-trust-foundation (pyproject.toml)
botocore==1.43.23
    # via
    #   boto3
    #   s3transfer
build==1.5.0
    # via pip-tools
certifi==2026.5.20
    # via
    #   httpcore
    #   httpx
    #   requests
cffi==2.0.0
    # via cryptography
charset-normalizer==3.4.7
    # via requests
click==8.4.1
    # via
    #   huggingface-hub
    #   litellm
    #   pip-tools
    #   typer
    #   uvicorn
cryptography==48.0.0
    # via
    #   google-auth
    #   langchain-litellm
    #   pyjwt
distro==1.9.0
    # via
    #   openai
    #   posthog
fastapi==0.136.3
    # via agent-trust-foundation (pyproject.toml)
fastuuid==0.14.0
    # via litellm
filelock==3.29.1
    # via huggingface-hub
freezegun==1.5.5
    # via agent-trust-foundation (pyproject.toml)
frozenlist==1.8.0
    # via
    #   aiohttp
    #   aiosignal
fsspec==2026.4.0
    # via huggingface-hub
google-api-core==2.31.0
    # via
    #   google-cloud-core
    #   google-cloud-pubsub
    #   google-cloud-storage
google-auth==2.53.0
    # via
    #   google-api-core
    #   google-cloud-core
    #   google-cloud-pubsub
    #   google-cloud-storage
google-cloud-core==2.6.0
    # via google-cloud-storage
google-cloud-pubsub==2.39.0
    # via agent-trust-foundation (pyproject.toml)
google-cloud-storage==2.19.0
    # via agent-trust-foundation (pyproject.toml)
google-crc32c==1.8.0
    # via
    #   google-cloud-storage
    #   google-resumable-media
google-resumable-media==2.10.0
    # via google-cloud-storage
googleapis-common-protos==1.75.0
    # via
    #   google-api-core
    #   grpc-google-iam-v1
    #   grpcio-status
    #   opentelemetry-exporter-otlp-proto-http
grpc-google-iam-v1==0.14.4
    # via google-cloud-pubsub
grpcio==1.81.0
    # via
    #   google-api-core
    #   google-cloud-pubsub
    #   googleapis-common-protos
    #   grpc-google-iam-v1
    #   grpcio-status
    #   qdrant-client
grpcio-status==1.81.0
    # via
    #   google-api-core
    #   google-cloud-pubsub
h11==0.16.0
    # via
    #   httpcore
    #   uvicorn
h2==4.3.0
    # via httpx
hf-xet==1.5.0
    # via huggingface-hub
hpack==4.1.0
    # via h2
httpcore==1.0.9
    # via httpx
httpx==0.28.1
    # via
    #   agent-trust-foundation (pyproject.toml)
    #   huggingface-hub
    #   langchain-litellm
    #   langfuse
    #   langgraph-sdk
    #   langsmith
    #   litellm
    #   openai
    #   qdrant-client
huggingface-hub==1.17.0
    # via tokenizers
hyperframe==6.1.0
    # via h2
hypothesis==6.155.1
    # via agent-trust-foundation (pyproject.toml)
idna==3.18
    # via
    #   anyio
    #   httpx
    #   requests
    #   yarl
importlib-metadata==8.9.0
    # via litellm
iniconfig==2.3.0
    # via pytest
jinja2==3.1.6
    # via
    #   agent-trust-foundation (pyproject.toml)
    #   litellm
jiter==0.15.0
    # via openai
jmespath==1.1.0
    # via
    #   boto3
    #   botocore
jsonpatch==1.33
    # via langchain-core
jsonpointer==3.1.1
    # via jsonpatch
jsonschema==4.26.0
    # via litellm
jsonschema-specifications==2025.9.1
    # via jsonschema
langchain-core==1.4.0
    # via
    #   langchain-litellm
    #   langgraph
    #   langgraph-checkpoint
    #   langgraph-prebuilt
langchain-litellm==0.6.6
    # via agent-trust-foundation (pyproject.toml)
langchain-protocol==0.0.16
    # via langchain-core
langfuse==4.7.1
    # via agent-trust-foundation (pyproject.toml)
langgraph==0.6.11
    # via agent-trust-foundation (pyproject.toml)
langgraph-checkpoint==3.0.1
    # via
    #   langgraph
    #   langgraph-checkpoint-postgres
    #   langgraph-prebuilt
langgraph-checkpoint-postgres==3.0.5
    # via agent-trust-foundation (pyproject.toml)
langgraph-prebuilt==0.6.5
    # via langgraph
langgraph-sdk==0.2.15
    # via langgraph
langsmith==0.8.9
    # via
    #   agent-trust-foundation (pyproject.toml)
    #   langchain-core
litellm==1.87.1
    # via
    #   agent-trust-foundation (pyproject.toml)
    #   langchain-litellm
markdown-it-py==4.2.0
    # via rich
markupsafe==3.0.3
    # via jinja2
mdurl==0.1.2
    # via markdown-it-py
mem0ai==2.0.4
    # via agent-trust-foundation (pyproject.toml)
multidict==6.7.1
    # via
    #   aiohttp
    #   yarl
numpy==2.2.6
    # via qdrant-client
openai==2.41.0
    # via
    #   litellm
    #   mem0ai
opentelemetry-api==1.42.1
    # via
    #   google-cloud-pubsub
    #   langfuse
    #   opentelemetry-exporter-otlp-proto-http
    #   opentelemetry-sdk
    #   opentelemetry-semantic-conventions
opentelemetry-exporter-otlp-proto-common==1.42.1
    # via opentelemetry-exporter-otlp-proto-http
opentelemetry-exporter-otlp-proto-http==1.42.1
    # via langfuse
opentelemetry-proto==1.42.1
    # via
    #   opentelemetry-exporter-otlp-proto-common
    #   opentelemetry-exporter-otlp-proto-http
opentelemetry-sdk==1.42.1
    # via
    #   google-cloud-pubsub
    #   langfuse
    #   opentelemetry-exporter-otlp-proto-http
opentelemetry-semantic-conventions==0.63b1
    # via opentelemetry-sdk
orjson==3.11.9
    # via
    #   langgraph-checkpoint-postgres
    #   langgraph-sdk
    #   langsmith
ormsgpack==1.12.2
    # via langgraph-checkpoint
packaging==26.2
    # via
    #   build
    #   huggingface-hub
    #   langchain-core
    #   langfuse
    #   langsmith
    #   pytest
    #   wheel
pip==26.1.2
    # via pip-tools
pip-tools==7.5.3
    # via agent-trust-foundation (pyproject.toml)
pluggy==1.6.0
    # via pytest
portalocker==3.2.0
    # via qdrant-client
posthog==7.17.0
    # via mem0ai
propcache==0.5.2
    # via
    #   aiohttp
    #   yarl
proto-plus==1.28.0
    # via
    #   google-api-core
    #   google-cloud-pubsub
protobuf==6.33.6
    # via
    #   google-api-core
    #   google-cloud-pubsub
    #   googleapis-common-protos
    #   grpc-google-iam-v1
    #   grpcio-status
    #   mem0ai
    #   opentelemetry-proto
    #   proto-plus
    #   qdrant-client
psycopg==3.3.4
    # via
    #   agent-trust-foundation (pyproject.toml)
    #   langgraph-checkpoint-postgres
psycopg-binary==3.3.4
    # via psycopg
psycopg-pool==3.3.1
    # via langgraph-checkpoint-postgres
pyasn1==0.6.3
    # via pyasn1-modules
pyasn1-modules==0.4.2
    # via google-auth
pycparser==3.0
    # via cffi
pydantic==2.13.4
    # via
    #   agent-trust-foundation (pyproject.toml)
    #   fastapi
    #   langchain-core
    #   langfuse
    #   langgraph
    #   langsmith
    #   litellm
    #   mem0ai
    #   openai
    #   pydantic-settings
    #   qdrant-client
pydantic-core==2.46.4
    # via pydantic
pydantic-settings==2.14.1
    # via agent-trust-foundation (pyproject.toml)
pygments==2.20.0
    # via
    #   pytest
    #   rich
pyjwt==2.13.0
    # via agent-trust-foundation (pyproject.toml)
pyproject-hooks==1.2.0
    # via
    #   build
    #   pip-tools
pytest==8.4.2
    # via
    #   agent-trust-foundation (pyproject.toml)
    #   pytest-asyncio
pytest-asyncio==0.26.0
    # via agent-trust-foundation (pyproject.toml)
python-dateutil==2.9.0.post0
    # via
    #   botocore
    #   freezegun
python-dotenv==1.2.2
    # via
    #   litellm
    #   pydantic-settings
python-json-logger==3.3.0
    # via agent-trust-foundation (pyproject.toml)
pytz==2026.2
    # via mem0ai
pyyaml==6.0.3
    # via
    #   agent-trust-foundation (pyproject.toml)
    #   huggingface-hub
    #   langchain-core
qdrant-client==1.18.0
    # via mem0ai
referencing==0.37.0
    # via
    #   jsonschema
    #   jsonschema-specifications
regex==2026.5.9
    # via tiktoken
requests==2.34.2
    # via
    #   google-api-core
    #   google-cloud-storage
    #   langsmith
    #   opentelemetry-exporter-otlp-proto-http
    #   posthog
    #   requests-toolbelt
    #   tiktoken
requests-toolbelt==1.0.0
    # via langsmith
rich==14.3.4
    # via
    #   agent-trust-foundation (pyproject.toml)
    #   typer
rpds-py==0.30.0
    # via
    #   jsonschema
    #   referencing
ruff==0.15.16
    # via agent-trust-foundation (pyproject.toml)
s3transfer==0.18.0
    # via boto3
setuptools==82.0.1
    # via pip-tools
shellingham==1.5.4
    # via typer
six==1.17.0
    # via python-dateutil
sniffio==1.3.1
    # via openai
sortedcontainers==2.4.0
    # via hypothesis
sqlalchemy==2.0.50
    # via mem0ai
starlette==1.2.1
    # via fastapi
tenacity==9.1.4
    # via langchain-core
tiktoken==0.13.0
    # via litellm
tokenizers==0.23.1
    # via litellm
tqdm==4.67.3
    # via
    #   huggingface-hub
    #   openai
typer==0.25.1
    # via huggingface-hub
typing-extensions==4.15.0
    # via
    #   aiohttp
    #   aiosignal
    #   anyio
    #   fastapi
    #   grpcio
    #   huggingface-hub
    #   langchain-core
    #   langchain-protocol
    #   openai
    #   opentelemetry-api
    #   opentelemetry-exporter-otlp-proto-http
    #   opentelemetry-sdk
    #   opentelemetry-semantic-conventions
    #   posthog
    #   psycopg
    #   psycopg-pool
    #   pydantic
    #   pydantic-core
    #   referencing
    #   sqlalchemy
    #   starlette
    #   typing-inspection
typing-inspection==0.4.2
    # via
    #   fastapi
    #   pydantic
    #   pydantic-settings
urllib3==2.7.0
    # via
    #   botocore
    #   qdrant-client
    #   requests
uuid-utils==0.16.0
    # via
    #   langchain-core
    #   langsmith
uvicorn==0.49.0
    # via agent-trust-foundation (pyproject.toml)
websockets==16.0
    # via langsmith
wheel==0.47.0
    # via pip-tools
wrapt==1.17.3
    # via langfuse
xxhash==3.7.0
    # via
    #   langgraph
    #   langsmith
yarl==1.24.2
    # via aiohttp
zipp==4.1.0
    # via importlib-metadata
zstandard==0.25.0
    # via langsmith
